
Microsoft Visual Studio Solution File, Format Version 12.00
Project("{2150E333-8FDC-42A3-9474-1A3956D46DE8}") = "Src", "Src", "{509A3C85-9C30-43B6-9954-4FE50A7550EB}"
EndProject
Project("{2150E333-8FDC-42A3-9474-1A3956D46DE8}") = "Test", "Test", "{F13EF15F-23F6-461D-A299-1DBC116BAC0B}"
EndProject
Project("{2150E333-8FDC-42A3-9474-1A3956D46DE8}") = "Api", "Api", "{36DDA5A9-29F1-4854-9BED-0756CC8B75D9}"
EndProject
Project("{2150E333-8FDC-42A3-9474-1A3956D46DE8}") = "Infrastructure", "Infrastructure", "{4D934B42-36AF-4085-A7F2-F58CB9222D92}"
EndProject
Project("{2150E333-8FDC-42A3-9474-1A3956D46DE8}") = "Core", "Core", "{1C3D2E72-CB8F-47F7-87CC-25BB7CE45855}"
EndProject
Project("{FAE04EC0-301F-11D3-BF4B-00C04F79EFBC}") = "CQRS.Api", "CQRS.Api\CQRS.Api.csproj", "{FF3291AD-7FF6-4299-A6B8-70680C5E534A}"
EndProject
Project("{FAE04EC0-301F-11D3-BF4B-00C04F79EFBC}") = "CQRS.Application", "CQRS.Application\CQRS.Application.csproj", "{1430F504-89B0-44BC-B2E0-BB630E51E023}"
EndProject
Project("{FAE04EC0-301F-11D3-BF4B-00C04F79EFBC}") = "CQRS.Domain", "CQRS.Domain\CQRS.Domain.csproj", "{2D5B9B03-E7CE-4345-9ACB-3C7E73B13C9B}"
EndProject
Project("{FAE04EC0-301F-11D3-BF4B-00C04F79EFBC}") = "CQRS.Infrastructure", "CQRS.Infrastructure\CQRS.Infrastructure.csproj", "{EC528E51-DCFF-46A6-AB1F-52A2F30ADECA}"
EndProject
Project("{FAE04EC0-301F-11D3-BF4B-00C04F79EFBC}") = "CQRS.Persistence", "CQRS.Persistence\CQRS.Persistence.csproj", "{672BCBA3-85BD-4FEB-B129-E20018DC049D}"
EndProject
Global
	GlobalSection(SolutionConfigurationPlatforms) = preSolution
		Debug|Any CPU = Debug|Any CPU
		Release|Any CPU = Release|Any CPU
	EndGlobalSection
	GlobalSection(NestedProjects) = preSolution
		{36DDA5A9-29F1-4854-9BED-0756CC8B75D9} = {509A3C85-9C30-43B6-9954-4FE50A7550EB}
		{4D934B42-36AF-4085-A7F2-F58CB9222D92} = {509A3C85-9C30-43B6-9954-4FE50A7550EB}
		{1C3D2E72-CB8F-47F7-87CC-25BB7CE45855} = {509A3C85-9C30-43B6-9954-4FE50A7550EB}
		{FF3291AD-7FF6-4299-A6B8-70680C5E534A} = {36DDA5A9-29F1-4854-9BED-0756CC8B75D9}
		{1430F504-89B0-44BC-B2E0-BB630E51E023} = {1C3D2E72-CB8F-47F7-87CC-25BB7CE45855}
		{2D5B9B03-E7CE-4345-9ACB-3C7E73B13C9B} = {1C3D2E72-CB8F-47F7-87CC-25BB7CE45855}
		{EC528E51-DCFF-46A6-AB1F-52A2F30ADECA} = {4D934B42-36AF-4085-A7F2-F58CB9222D92}
		{672BCBA3-85BD-4FEB-B129-E20018DC049D} = {4D934B42-36AF-4085-A7F2-F58CB9222D92}
	EndGlobalSection
	GlobalSection(ProjectConfigurationPlatforms) = postSolution
		{FF3291AD-7FF6-4299-A6B8-70680C5E534A}.Debug|Any CPU.ActiveCfg = Debug|Any CPU
		{FF3291AD-7FF6-4299-A6B8-70680C5E534A}.Debug|Any CPU.Build.0 = Debug|Any CPU
		{FF3291AD-7FF6-4299-A6B8-70680C5E534A}.Release|Any CPU.ActiveCfg = Release|Any CPU
		{FF3291AD-7FF6-4299-A6B8-70680C5E534A}.Release|Any CPU.Build.0 = Release|Any CPU
		{1430F504-89B0-44BC-B2E0-BB630E51E023}.Debug|Any CPU.ActiveCfg = Debug|Any CPU
		{1430F504-89B0-44BC-B2E0-BB630E51E023}.Debug|Any CPU.Build.0 = Debug|Any CPU
		{1430F504-89B0-44BC-B2E0-BB630E51E023}.Release|Any CPU.ActiveCfg = Release|Any CPU
		{1430F504-89B0-44BC-B2E0-BB630E51E023}.Release|Any CPU.Build.0 = Release|Any CPU
		{2D5B9B03-E7CE-4345-9ACB-3C7E73B13C9B}.Debug|Any CPU.ActiveCfg = Debug|Any CPU
		{2D5B9B03-E7CE-4345-9ACB-3C7E73B13C9B}.Debug|Any CPU.Build.0 = Debug|Any CPU
		{2D5B9B03-E7CE-4345-9ACB-3C7E73B13C9B}.Release|Any CPU.ActiveCfg = Release|Any CPU
		{2D5B9B03-E7CE-4345-9ACB-3C7E73B13C9B}.Release|Any CPU.Build.0 = Release|Any CPU
		{EC528E51-DCFF-46A6-AB1F-52A2F30ADECA}.Debug|Any CPU.ActiveCfg = Debug|Any CPU
		{EC528E51-DCFF-46A6-AB1F-52A2F30ADECA}.Debug|Any CPU.Build.0 = Debug|Any CPU
		{EC528E51-DCFF-46A6-AB1F-52A2F30ADECA}.Release|Any CPU.ActiveCfg = Release|Any CPU
		{EC528E51-DCFF-46A6-AB1F-52A2F30ADECA}.Release|Any CPU.Build.0 = Release|Any CPU
		{672BCBA3-85BD-4FEB-B129-E20018DC049D}.Debug|Any CPU.ActiveCfg = Debug|Any CPU
		{672BCBA3-85BD-4FEB-B129-E20018DC049D}.Debug|Any CPU.Build.0 = Debug|Any CPU
		{672BCBA3-85BD-4FEB-B129-E20018DC049D}.Release|Any CPU.ActiveCfg = Release|Any CPU
		{672BCBA3-85BD-4FEB-B129-E20018DC049D}.Release|Any CPU.Build.0 = Release|Any CPU
	EndGlobalSection
EndGlobal
