
Microsoft Visual Studio Solution File, Format Version 12.00
Project("{FAE04EC0-301F-11D3-BF4B-00C04F79EFBC}") = "WebApi", "WebApi\WebApi.csproj", "{5C492971-07E1-4E7D-8B7E-5BB2C8EF09C4}"
EndProject
Project("{FAE04EC0-301F-11D3-BF4B-00C04F79EFBC}") = "Application", "Application\Application.csproj", "{B4583CCA-B422-4F3D-AFB3-6442F40D01D0}"
EndProject
Project("{FAE04EC0-301F-11D3-BF4B-00C04F79EFBC}") = "Infrastructure", "Infrastructure\Infrastructure.csproj", "{978E017F-525A-4233-B532-BFEF46496C2A}"
EndProject
Project("{FAE04EC0-301F-11D3-BF4B-00C04F79EFBC}") = "Domain", "Domain\Domain.csproj", "{D93378D4-CCFD-4756-A81E-5A1CBB945BDB}"
EndProject
Global
	GlobalSection(SolutionConfigurationPlatforms) = preSolution
		Debug|Any CPU = Debug|Any CPU
		Release|Any CPU = Release|Any CPU
	EndGlobalSection
	GlobalSection(ProjectConfigurationPlatforms) = postSolution
		{5C492971-07E1-4E7D-8B7E-5BB2C8EF09C4}.Debug|Any CPU.ActiveCfg = Debug|Any CPU
		{5C492971-07E1-4E7D-8B7E-5BB2C8EF09C4}.Debug|Any CPU.Build.0 = Debug|Any CPU
		{5C492971-07E1-4E7D-8B7E-5BB2C8EF09C4}.Release|Any CPU.ActiveCfg = Release|Any CPU
		{5C492971-07E1-4E7D-8B7E-5BB2C8EF09C4}.Release|Any CPU.Build.0 = Release|Any CPU
		{B4583CCA-B422-4F3D-AFB3-6442F40D01D0}.Debug|Any CPU.ActiveCfg = Debug|Any CPU
		{B4583CCA-B422-4F3D-AFB3-6442F40D01D0}.Debug|Any CPU.Build.0 = Debug|Any CPU
		{B4583CCA-B422-4F3D-AFB3-6442F40D01D0}.Release|Any CPU.ActiveCfg = Release|Any CPU
		{B4583CCA-B422-4F3D-AFB3-6442F40D01D0}.Release|Any CPU.Build.0 = Release|Any CPU
		{978E017F-525A-4233-B532-BFEF46496C2A}.Debug|Any CPU.ActiveCfg = Debug|Any CPU
		{978E017F-525A-4233-B532-BFEF46496C2A}.Debug|Any CPU.Build.0 = Debug|Any CPU
		{978E017F-525A-4233-B532-BFEF46496C2A}.Release|Any CPU.ActiveCfg = Release|Any CPU
		{978E017F-525A-4233-B532-BFEF46496C2A}.Release|Any CPU.Build.0 = Release|Any CPU
		{D93378D4-CCFD-4756-A81E-5A1CBB945BDB}.Debug|Any CPU.ActiveCfg = Debug|Any CPU
		{D93378D4-CCFD-4756-A81E-5A1CBB945BDB}.Debug|Any CPU.Build.0 = Debug|Any CPU
		{D93378D4-CCFD-4756-A81E-5A1CBB945BDB}.Release|Any CPU.ActiveCfg = Release|Any CPU
		{D93378D4-CCFD-4756-A81E-5A1CBB945BDB}.Release|Any CPU.Build.0 = Release|Any CPU
	EndGlobalSection
EndGlobal
